
Microsoft Visual Studio Solution File, Format Version 12.00
# Visual Studio Version 17
VisualStudioVersion = 17.11.35222.181
MinimumVisualStudioVersion = 10.0.40219.1
Project("{9A19103F-16F7-4668-BE54-9A1E7A4F7556}") = "Lab1", "Lab1\Lab1.csproj", "{FE912F6E-883A-41E6-A122-75DA559CBEBF}"
EndProject
Project("{9A19103F-16F7-4668-BE54-9A1E7A4F7556}") = "Lab2", "Lab2\Lab2.csproj", "{2770FAF7-4AF1-45E4-A9F1-7F6531118EC2}"
EndProject
Project("{9A19103F-16F7-4668-BE54-9A1E7A4F7556}") = "Lab3", "Lab3\Lab3.csproj", "{5BEBFC48-2DF1-47DE-9C55-912BE61B511A}"
EndProject
Project("{9A19103F-16F7-4668-BE54-9A1E7A4F7556}") = "Lab4", "Lab4\Lab4.csproj", "{816BF980-AEF0-4581-A102-DA4293A952EF}"
EndProject
Project("{9A19103F-16F7-4668-BE54-9A1E7A4F7556}") = "Lab5", "Lab5\Lab5.csproj", "{FA8EF7F3-C1BE-4FE4-AA1F-C5F57D12A88B}"
EndProject
Project("{9A19103F-16F7-4668-BE54-9A1E7A4F7556}") = "Lab6", "Lab6\Lab6.csproj", "{DBB465EB-18F0-44E3-A507-A683E01E21E1}"
EndProject
Project("{9A19103F-16F7-4668-BE54-9A1E7A4F7556}") = "Lab79", "Lab79\Lab79.csproj", "{85BD665A-9FB3-4E18-805C-D7457FBD87A3}"
EndProject
Project("{FAE04EC0-301F-11D3-BF4B-00C04F79EFBC}") = "Lab10", "Lab10\Lab10.csproj", "{D025EEDB-28B2-44A3-9A2B-3F97FE0EA232}"
EndProject
Global
	GlobalSection(SolutionConfigurationPlatforms) = preSolution
		Debug|Any CPU = Debug|Any CPU
		Release|Any CPU = Release|Any CPU
	EndGlobalSection
	GlobalSection(ProjectConfigurationPlatforms) = postSolution
		{FE912F6E-883A-41E6-A122-75DA559CBEBF}.Debug|Any CPU.ActiveCfg = Debug|Any CPU
		{FE912F6E-883A-41E6-A122-75DA559CBEBF}.Debug|Any CPU.Build.0 = Debug|Any CPU
		{FE912F6E-883A-41E6-A122-75DA559CBEBF}.Release|Any CPU.ActiveCfg = Release|Any CPU
		{FE912F6E-883A-41E6-A122-75DA559CBEBF}.Release|Any CPU.Build.0 = Release|Any CPU
		{2770FAF7-4AF1-45E4-A9F1-7F6531118EC2}.Debug|Any CPU.ActiveCfg = Debug|Any CPU
		{2770FAF7-4AF1-45E4-A9F1-7F6531118EC2}.Debug|Any CPU.Build.0 = Debug|Any CPU
		{2770FAF7-4AF1-45E4-A9F1-7F6531118EC2}.Release|Any CPU.ActiveCfg = Release|Any CPU
		{2770FAF7-4AF1-45E4-A9F1-7F6531118EC2}.Release|Any CPU.Build.0 = Release|Any CPU
		{5BEBFC48-2DF1-47DE-9C55-912BE61B511A}.Debug|Any CPU.ActiveCfg = Debug|Any CPU
		{5BEBFC48-2DF1-47DE-9C55-912BE61B511A}.Debug|Any CPU.Build.0 = Debug|Any CPU
		{5BEBFC48-2DF1-47DE-9C55-912BE61B511A}.Release|Any CPU.ActiveCfg = Release|Any CPU
		{5BEBFC48-2DF1-47DE-9C55-912BE61B511A}.Release|Any CPU.Build.0 = Release|Any CPU
		{816BF980-AEF0-4581-A102-DA4293A952EF}.Debug|Any CPU.ActiveCfg = Debug|Any CPU
		{816BF980-AEF0-4581-A102-DA4293A952EF}.Debug|Any CPU.Build.0 = Debug|Any CPU
		{816BF980-AEF0-4581-A102-DA4293A952EF}.Release|Any CPU.ActiveCfg = Release|Any CPU
		{816BF980-AEF0-4581-A102-DA4293A952EF}.Release|Any CPU.Build.0 = Release|Any CPU
		{FA8EF7F3-C1BE-4FE4-AA1F-C5F57D12A88B}.Debug|Any CPU.ActiveCfg = Debug|Any CPU
		{FA8EF7F3-C1BE-4FE4-AA1F-C5F57D12A88B}.Debug|Any CPU.Build.0 = Debug|Any CPU
		{FA8EF7F3-C1BE-4FE4-AA1F-C5F57D12A88B}.Release|Any CPU.ActiveCfg = Release|Any CPU
		{FA8EF7F3-C1BE-4FE4-AA1F-C5F57D12A88B}.Release|Any CPU.Build.0 = Release|Any CPU
		{DBB465EB-18F0-44E3-A507-A683E01E21E1}.Debug|Any CPU.ActiveCfg = Debug|Any CPU
		{DBB465EB-18F0-44E3-A507-A683E01E21E1}.Debug|Any CPU.Build.0 = Debug|Any CPU
		{DBB465EB-18F0-44E3-A507-A683E01E21E1}.Release|Any CPU.ActiveCfg = Release|Any CPU
		{DBB465EB-18F0-44E3-A507-A683E01E21E1}.Release|Any CPU.Build.0 = Release|Any CPU
		{85BD665A-9FB3-4E18-805C-D7457FBD87A3}.Debug|Any CPU.ActiveCfg = Debug|Any CPU
		{85BD665A-9FB3-4E18-805C-D7457FBD87A3}.Debug|Any CPU.Build.0 = Debug|Any CPU
		{85BD665A-9FB3-4E18-805C-D7457FBD87A3}.Release|Any CPU.ActiveCfg = Release|Any CPU
		{85BD665A-9FB3-4E18-805C-D7457FBD87A3}.Release|Any CPU.Build.0 = Release|Any CPU
		{D025EEDB-28B2-44A3-9A2B-3F97FE0EA232}.Debug|Any CPU.ActiveCfg = Debug|Any CPU
		{D025EEDB-28B2-44A3-9A2B-3F97FE0EA232}.Debug|Any CPU.Build.0 = Debug|Any CPU
		{D025EEDB-28B2-44A3-9A2B-3F97FE0EA232}.Release|Any CPU.ActiveCfg = Release|Any CPU
		{D025EEDB-28B2-44A3-9A2B-3F97FE0EA232}.Release|Any CPU.Build.0 = Release|Any CPU
	EndGlobalSection
	GlobalSection(SolutionProperties) = preSolution
		HideSolutionNode = FALSE
	EndGlobalSection
	GlobalSection(ExtensibilityGlobals) = postSolution
		SolutionGuid = {84290B6F-3A85-48FA-84E7-1DBDC6EA1D36}
	EndGlobalSection
EndGlobal
